
Microsoft Visual Studio Solution File, Format Version 12.00
# Visual Studio Version 17
VisualStudioVersion = 17.8.34330.188
MinimumVisualStudioVersion = 10.0.40219.1
Project("{FAE04EC0-301F-11D3-BF4B-00C04F79EFBC}") = "StudentsEnrollSystem", "StudentsEnrollSystem\StudentsEnrollSystem.csproj", "{EEF769D6-8BC9-415C-ADFE-729CCDD5B707}"
EndProject
Global
	GlobalSection(SolutionConfigurationPlatforms) = preSolution
		Debug|Any CPU = Debug|Any CPU
		Release|Any CPU = Release|Any CPU
	EndGlobalSection
	GlobalSection(ProjectConfigurationPlatforms) = postSolution
		{EEF769D6-8BC9-415C-ADFE-729CCDD5B707}.Debug|Any CPU.ActiveCfg = Debug|Any CPU
		{EEF769D6-8BC9-415C-ADFE-729CCDD5B707}.Debug|Any CPU.Build.0 = Debug|Any CPU
		{EEF769D6-8BC9-415C-ADFE-729CCDD5B707}.Release|Any CPU.ActiveCfg = Release|Any CPU
		{EEF769D6-8BC9-415C-ADFE-729CCDD5B707}.Release|Any CPU.Build.0 = Release|Any CPU
	EndGlobalSection
	GlobalSection(SolutionProperties) = preSolution
		HideSolutionNode = FALSE
	EndGlobalSection
	GlobalSection(ExtensibilityGlobals) = postSolution
		SolutionGuid = {A89EB0F0-B30E-447B-A482-8B6A10A288D0}
	EndGlobalSection
EndGlobal
